
Microsoft Visual Studio Solution File, Format Version 12.00
# Visual Studio 15
VisualStudioVersion = 15.0.27703.2042
MinimumVisualStudioVersion = 10.0.40219.1
Project("{FAE04EC0-301F-11D3-BF4B-00C04F79EFBC}") = "WinDocker.UI", "WinDocker.UI\WinDocker.UI.csproj", "{6EB99C41-C813-4A08-A1B4-EA4F69F67ADD}"
EndProject
Global
	GlobalSection(SolutionConfigurationPlatforms) = preSolution
		Debug|Any CPU = Debug|Any CPU
		Release|Any CPU = Release|Any CPU
	EndGlobalSection
	GlobalSection(ProjectConfigurationPlatforms) = postSolution
		{6EB99C41-C813-4A08-A1B4-EA4F69F67ADD}.Debug|Any CPU.ActiveCfg = Debug|Any CPU
		{6EB99C41-C813-4A08-A1B4-EA4F69F67ADD}.Debug|Any CPU.Build.0 = Debug|Any CPU
		{6EB99C41-C813-4A08-A1B4-EA4F69F67ADD}.Release|Any CPU.ActiveCfg = Release|Any CPU
		{6EB99C41-C813-4A08-A1B4-EA4F69F67ADD}.Release|Any CPU.Build.0 = Release|Any CPU
	EndGlobalSection
	GlobalSection(SolutionProperties) = preSolution
		HideSolutionNode = FALSE
	EndGlobalSection
	GlobalSection(ExtensibilityGlobals) = postSolution
		SolutionGuid = {8E05BDA4-E5BB-475F-AA3F-809F17BE67AE}
	EndGlobalSection
EndGlobal
